
Microsoft Visual Studio Solution File, Format Version 12.00
# Visual Studio 15
VisualStudioVersion = 15.0.28307.852
MinimumVisualStudioVersion = 10.0.40219.1
Project("{FAE04EC0-301F-11D3-BF4B-00C04F79EFBC}") = "CryptoWords", "CryptoWords\CryptoWords.csproj", "{6804DAD2-2A88-4FB4-85FB-CA45560AC4B1}"
EndProject
Global
	GlobalSection(SolutionConfigurationPlatforms) = preSolution
		Debug|Any CPU = Debug|Any CPU
		Release|Any CPU = Release|Any CPU
	EndGlobalSection
	GlobalSection(ProjectConfigurationPlatforms) = postSolution
		{6804DAD2-2A88-4FB4-85FB-CA45560AC4B1}.Debug|Any CPU.ActiveCfg = Debug|Any CPU
		{6804DAD2-2A88-4FB4-85FB-CA45560AC4B1}.Debug|Any CPU.Build.0 = Debug|Any CPU
		{6804DAD2-2A88-4FB4-85FB-CA45560AC4B1}.Release|Any CPU.ActiveCfg = Release|Any CPU
		{6804DAD2-2A88-4FB4-85FB-CA45560AC4B1}.Release|Any CPU.Build.0 = Release|Any CPU
	EndGlobalSection
	GlobalSection(SolutionProperties) = preSolution
		HideSolutionNode = FALSE
	EndGlobalSection
	GlobalSection(ExtensibilityGlobals) = postSolution
		SolutionGuid = {F7A1C6CB-2B46-47FD-8652-F91B7BD7A75E}
	EndGlobalSection
EndGlobal
